
Microsoft Visual Studio Solution File, Format Version 12.00
# Visual Studio Version 17
VisualStudioVersion = 17.8.34309.116
MinimumVisualStudioVersion = 10.0.40219.1
Project("{FAE04EC0-301F-11D3-BF4B-00C04F79EFBC}") = "LogicMethods", "LogicMethods\LogicMethods.csproj", "{9CA58F45-A10F-48C0-8271-C7A012313917}"
EndProject
Global
	GlobalSection(SolutionConfigurationPlatforms) = preSolution
		Debug|Any CPU = Debug|Any CPU
		Release|Any CPU = Release|Any CPU
	EndGlobalSection
	GlobalSection(ProjectConfigurationPlatforms) = postSolution
		{9CA58F45-A10F-48C0-8271-C7A012313917}.Debug|Any CPU.ActiveCfg = Debug|Any CPU
		{9CA58F45-A10F-48C0-8271-C7A012313917}.Debug|Any CPU.Build.0 = Debug|Any CPU
		{9CA58F45-A10F-48C0-8271-C7A012313917}.Release|Any CPU.ActiveCfg = Release|Any CPU
		{9CA58F45-A10F-48C0-8271-C7A012313917}.Release|Any CPU.Build.0 = Release|Any CPU
	EndGlobalSection
	GlobalSection(SolutionProperties) = preSolution
		HideSolutionNode = FALSE
	EndGlobalSection
	GlobalSection(ExtensibilityGlobals) = postSolution
		SolutionGuid = {862281C5-DF82-4DEB-A468-163E10C70230}
	EndGlobalSection
EndGlobal
